bazil.org/fuse v0.0.0-20180421153158-65cc252bf669/go.mod h1:f0I35tbLo5JRvVFr+yEmUiKh65n5w+YJl/QvIMreR9o=
cloud.google.com/go v0.23.0/go.mod h1:wLBRmZhkwo/Tf3LH7FJQCVNijVntkKWagVmWy3OANds=
cloud.google.com/go v0.26.0/go.mod h1:wLBRmZhkwo/Tf3LH7FJQCVNijVntkKWagVmWy3OANds=
cloud.google.com/go v0.31.0/go.mod h1:wLBRmZhkwo/Tf3LH7FJQCVNijVntkKWagVmWy3OANds=
cloud.google.com/go v0.34.0/go.mod h1:LLFo8Y+fJdrNGfoMsK1rna5HblPO5zTBLwp660sLSFw=
contrib.go.opencensus.io/exporter/stackdriver v0.8.0/go.mod h1:hNe5qQofPbg6bLQY5wHCvQ7o+2E5P8PkegEuQ+MyRw0=
dmitri.shuralyov.com/app/changes v0.0.0-20180602232624-0a106ad413e3/go.mod h1:LxpADhP58ufOwRn1hSLfNPM9Uf5iHaNCnT5iyclMKjM=
dmitri.shuralyov.com/app/changes v0.0.0-20181114035150-5af16e21babb/go.mod h1:LxpADhP58ufOwRn1hSLfNPM9Uf5iHaNCnT5iyclMKjM=
dmitri.shuralyov.com/html/belt v0.0.0-20180602232347-f7d459c86be0/go.mod h1:PAlHsAGTQTPGg4IJTezXdeG8g7vkT0C2pbANMu7d+xw=
dmitri.shuralyov.com/route/github v0.0.0-20180323232716-ce4edef1f8c9/go.mod h1:h9mAGTqasS4wym3tQ8w49extbiFbUdgK8jAoFC+L0bI=
dmitri.shuralyov.com/service/change v0.0.0-20181023043359-a85b471d5412/go.mod h1:kla9zYj1UouWcIacDLmvbVWFaOUr8mn8jpRh8t+O+jc=
dmitri.shuralyov.com/service/change v0.0.0-20181114024418-7424d8ddca1d/go.mod h1:wqS/VbZ4KVm9l9fDjfpQp0AplBHfxAM3rXa/SIoXYU4=
dmitri.shuralyov.com/state v0.0.0-20180228185332-28bcc343414c/go.mod h1:T2E25TB65yKCVgTAItDLOy0zhNRhYwKtOc6eub0cl88=
git.apache.org/thrift.git v0.0.0-20180902110319-2566ecd5d999/go.mod h1:qSkEsiceF2B85gua4eymU0kEyV4NCyjwI0qw9abJ+TA=
git.apache.org/thrift.git v0.12.0/go.mod h1:z8CQr81IJJnHRJpodZK8DyPclbh7sRVazi4CObnJQbI=
github.com/AaronO/go-git-http v0.0.0-20161214145340-1d9485b3a98f/go.mod h1:ieltUaKbHZt/RBc4zI/5jqtm4CIyAYQ/jb5kZEFVAGM=
github.com/BurntSushi/toml v0.3.1/go.mod h1:Dt+4yR6wjbDeT+Cf9lvfcWLkWIjSyUtlDpyR9Sy/Vrs=
github.com/BurntSushi/xgb v0.0.0-20160522181843-27f122750802/go.mod h1:uRHXFeBa65MxxxE6UqZMpd5mTvzM2QiLVO1pOtpTUH0=
github.com/DataDog/zstd v1.3.5/go.mod h1:ftfxglfk06oIdcxDXL1hVwdi+ONcP8HVhBB86a9oQ/Q=
github.com/GoogleCloudPlatform/cloudsql-proxy v0.0.0-20181215173202-6f1ecdcf9588/go.mod h1:TbouiHe2zQ2tUIlCucqy8dUkIUc+lQ0xY++moRSIKY0=
github.com/Shopify/sarama v1.20.1/go.mod h1:0khzmTMFCTsymI2CyIXKSdV6LbU49BmUMPCwakCzxYM=
github.com/Shopify/toxiproxy v2.1.4+incompatible/go.mod h1:uzhGpqou4oeLkfdLxG7dQTCChIQv8r/m+3AeHlwOheo=
github.com/Unknwon/cae v0.0.0-20160715032808-c6aac99ea2ca/go.mod h1:Gv3Z1DlmTpJzRN+FZBQIAbBYDWwDpVRfiD3R/wp/OcU=
github.com/Unknwon/com v0.0.0-20181010210213-41959bdd855f/go.mod h1:ocGH4AlReHQNBZsMJLBDWD5IkTT5eTW/ifHzh2bJ0cg=
github.com/aclements/go-gg v0.0.0-20170118225347-6dbb4e4fefb0/go.mod h1:Ujts7qvQOEk6cvQShrgS4RdDhqL+uYVK7WGblq7IqLA=
github.com/aclements/go-moremath v0.0.0-20180329182055-b1aff36309c7/go.mod h1:Gq6gzyh+cnZysLi8xb0BeKbCannNgYrL3SJjJJZPGzQ=
github.com/ajstarks/deck v0.0.0-20190113214048-cc6582992274/go.mod h1:QewT3Mc85M4RxJEp/OyOi3eG4klTIy0/IhXru7rQ1cg=
github.com/ajstarks/openvg v0.0.0-20180830055844-541ccdb64c6d/go.mod h1:2SK3UJ7anJzYXXONW6pTA2bUV7VEb+7A1LvGxFgMtrc=
github.com/ajstarks/svgo v0.0.0-20181006003313-6ce6a3bcf6cd/go.mod h1:XWL2pjzSYuwwOsXHD7P1AKKpYTG8j+jtVnfYBr+Y9/8=
github.com/alcortesm/tgz v0.0.0-20161220082320-9c5fe88206d7 h1:uSoVVbwJiQipAclBbw+8quDsfcvFjOpI5iCf4p/cqCs=
github.com/alcortesm/tgz v0.0.0-20161220082320-9c5fe88206d7/go.mod h1:6zEj6s6u/ghQa61ZWa/C2Aw3RkjiTBOix7dkqa1VLIs=
github.com/alecthomas/template v0.0.0-20160405071501-a0175ee3bccc/go.mod h1:/BcnCY0RWHrwW0favPV0ciLdO+cDYc/mf0xz60RT/gg=
github.com/alecthomas/units v0.0.0-20151022065526-2efee857e7cf/go.mod h1:YYObLlTDtwQMSRX+XdmOJtYAkAR4A63TL00jH+bh3so=
github.com/andygrunwald/go-gerrit v0.0.0-20190110184452-f48c3d16616f/go.mod h1:WDXfZ++ydYi2z0UdfF4Aq7vCdOxV7pLpx1OdU2FuyGM=
github.com/anmitsu/go-shlex v0.0.0-20161002113705-648efa622239 h1:kFOfPq6dUM1hTo4JG6LR5AXSUEsOjtdm0kw0FtQtMJA=
github.com/anmitsu/go-shlex v0.0.0-20161002113705-648efa622239/go.mod h1:YmcgBYpkGoDwDgWTpY1ofDxYtrrwoXZP8Pw3Y0pmAt4=
github.com/apache/thrift v0.12.0/go.mod h1:2oC3OWsoLLIhmj8hQCFtxoLcQcdH4Yc8QhadM965t0I=
github.com/apex/log v1.1.0/go.mod h1:9amwrLWrxOsWH26UFN8EmATzGa0xBa92LA//uP2Ingg=
github.com/aphistic/golf v0.0.0-20180712155816-02c07f170c5a/go.mod h1:UfT383RHknTR1YP7Zb5iAVdVBs2NLH4nBB0hJEsTGWs=
github.com/aphistic/sweet v0.0.0-20180618201346-68e18ab55a67/go.mod h1:DZTAtyS/WLR7DpHEW4iIS1b6Sft5w8q/rg1wpTvubnI=
github.com/armon/consul-api v0.0.0-20180202201655-eb2c6b5be1b6/go.mod h1:At9T6rfzIw2uCoORxI+7Y4c8VOEYvAEgVizRCVQ+yq8=
github.com/aws/aws-sdk-go v1.15.31/go.mod h1:mFuSZ37Z9YOHbQEwBWztmVzqXrEkub65tZoCYDt7FT0=
github.com/aws/aws-sdk-go v1.16.18/go.mod h1:KmX6BPdI08NWTb3/sm4ZGu5ShLoqVDhKgpiN924inxo=
github.com/aybabtme/rgbterm v0.0.0-20170906152045-cc83f3b3ce59/go.mod h1:PhiNlgVwhXk9fivhsCYKXbDFpHd2DD7TthRABhq6SOs=
github.com/beorn7/perks v0.0.0-20180321164747-3a771d992973/go.mod h1:ddAgsLtJbR9r0Nz68zl04/lguaHX+Yf2XFQIV5KAGUw=
github.com/beyang/hgo v0.0.0-20150825035631-d45f1891a48a/go.mod h1:sWiqYtVs/zyAy7Dp08MoeLlzjhex+ftLQp610YluxB8=
github.com/bgentry/speakeasy v0.1.0/go.mod h1:pkLmXQxCefdZO4xdFhrGpc+hKsEkoYUlBIf+CPeNE5Q=
github.com/boombuler/barcode v1.0.0/go.mod h1:hT+0LabQtHThGqeVuHIfESRTduYHA9ABlJB+OgG6MhI=
github.com/bradfitz/go-smtpd v0.0.0-20170404230938-deb6d6237625/go.mod h1:NtItkAoOgb3vLrS+dXSeCP5Dymf2dkL1TgoF8Dk/vq0=
github.com/bradfitz/gomemcache v0.0.0-20180710155616-bc664df96737/go.mod h1:2XVeNrwDezjSML/adIQJYGbKr8SF7zssRYor/HLRzc8=
github.com/buger/jsonparser v0.0.0-20180910192245-6acdf747ae99/go.mod h1:bbYlZJ7hK1yFx9hf58LP0zeX7UjIGs20ufpu3evjr+s=
github.com/chzyer/logex v1.1.10/go.mod h1:LYreg8UarsG9jaK/8AnT1Vcea5NAjVcb02aXN8zVvNI=
github.com/chzyer/readline v0.0.0-20180603132655-2972be24d48e/go.mod h1:Ffsr57gzAGY9Se+7UwuninoAqVg8OrtNxuuyhx/0CuQ=
github.com/chzyer/test v0.0.0-20180213035817-a1ea475d72b1/go.mod h1:9yFe3dvoYsH5yu5A1pouWccHnSe+LUXahWVACyp0gn4=
github.com/client9/misspell v0.3.4/go.mod h1:2vXzWGlv256fhVmObJEz7Jl9NqgPEniroimrFB/xmwo=
github.com/coreos/bbolt v1.3.1-coreos.6/go.mod h1:LV5DLdSZJc3H68e6xRGm7X/+k0bN2nbSDF+nmye/fMs=
github.com/coreos/etcd v3.3.10+incompatible/go.mod h1:MxfsDVl9X3I+ZQ/KZBX7lnIpkotSIS+QRlAifu5eJI4=
github.com/coreos/etcd v3.3.11+incompatible/go.mod h1:MxfsDVl9X3I+ZQ/KZBX7lnIpkotSIS+QRlAifu5eJI4=
github.com/coreos/go-etcd v2.0.0+incompatible/go.mod h1:RhK7zMBx4kuQyxyKsVTsnYJrBrl5p31tY6wcCSviCQU=
github.com/coreos/go-semver v0.2.0/go.mod h1:7hnR1q237lAlPrBlC0B7z+B7P7s5bSUcAoTGlqVkLLM=
github.com/coreos/go-systemd v0.0.0-20181012123002-c6f51f82210d/go.mod h1:XyK4TwAfeZ0XtNgtq94BEmeEDMapgPk73+IKm6N2Oxo=
github.com/coreos/go-systemd v0.0.0-20181031085051-9002847aa142/go.mod h1:XyK4TwAfeZ0XtNgtq94BEmeEDMapgPk73+IKm6N2Oxo=
github.com/coreos/pkg v0.0.0-20180928190104-399ea9e2e55f/go.mod h1:1rYUvq2FEfFu29dNGCNOcTPGPrTu9rSltDADVOKUMFs=
github.com/cpuguy83/go-md2man v1.0.8/go.mod h1:DPxOdRLJRwE2QhxnoH2jy0ypSY9NtSs84uEBNThxTdM=
github.com/cznic/cc v0.0.0-20181122101902-d673e9b70d4d/go.mod h1:r9zYDVzkk5+Y9yn8U0ggkMlXdAKR5Mj4uNA+xI5zWC0=
github.com/cznic/fileutil v0.0.0-20181122101858-4d67cfea8c87/go.mod h1:ewxd0RVSMaoHhwo0ESn5o2yjckuAskHVW9ZnW/L10y4=
github.com/cznic/golex v0.0.0-20181122101858-9c343928389c/go.mod h1:3ZBnEqfyIqKyoMVjNWRMFz5ME8LG8tlpnvZ+gqyW/S8=
github.com/cznic/internal v0.0.0-20181122101858-3279554c546e/go.mod h1:b2Pr6GWs7G0ld1Fl40H9j5BRlqyBd54IzsmDnAjE04Q=
github.com/cznic/ir v0.0.0-20181122101859-da7ba2ecce8b/go.mod h1:qSievehZMtFIbcQIuSaWkGQVkaZVbswHKBR8uV1qP+k=
github.com/cznic/lex v0.0.0-20181122101858-ce0fb5e9bb1b/go.mod h1:pfNViJFtyEfIA8MFKGylGoQSXC/QYkx8NHGvGgq8pCE=
github.com/cznic/lexer v0.0.0-20181122101858-e884d4bd112e/go.mod h1:NCzEojDsBnV38zRz3Hc5FNTtt2uAMAaTJkYhRN04UYk=
github.com/cznic/mathutil v0.0.0-20181122101859-297441e03548/go.mod h1:e9Bsa3PBS5oc9gVIiteaZq2VLsXMaGcWtnaDJzAMHok=
github.com/cznic/strutil v0.0.0-20181122101858-275e90344537/go.mod h1:RK1lw/XI58Xx1LXCu+x1wn9CsHC2wLeuSx6gV9pEyMU=
github.com/cznic/xc v0.0.0-20181122101856-45b06973881e/go.mod h1:U523/GRyusbNvnrynklbLIasFfuDPa8ynByj5kufP04=
github.com/davecgh/go-spew v1.1.0/go.mod h1:ARPitIjCYj0goIR4FoOTJWbb1VNDtyXMMVu1LEd9N+0=
github.com/davecgh/go-spew v1.1.1 h1:vj9j/u1bqnvCEfJOwUhtlOARqs3+rkHYY13jYWTU97c=
github.com/davecgh/go-spew v1.1.1/go.mod h1:ARPitIjCYj0goIR4FoOTJWbb1VNDtyXMMVu1LEd9N+0=
github.com/dgrijalva/jwt-go v3.2.0+incompatible/go.mod h1:uQVv7fr3yubnCrMykECRMpN/9fBtIqlk0alf00n3/tU=
github.com/disintegration/gift v1.2.0/go.mod h1:aDXiIc1RQMeBVZi06HTgP3bVqR1a9KJLwHX3EZgeVx8=
github.com/dsnet/compress v0.0.0-20171208185109-cc9eb1d7ad76 h1:eX+pdPPlD279OWgdx7f6KqIRSONuK7egk+jDx7OM3Ac=
github.com/dsnet/compress v0.0.0-20171208185109-cc9eb1d7ad76/go.mod h1:KjxHHirfLaw19iGT70HvVjHQsL1vq1SRQB4yOsAfy2s=
github.com/dustin/go-broadcast v0.0.0-20171205050544-f664265f5a66/go.mod h1:MJxk9JttkinMSqWfLztx/C1JpL3j/zPEjd4LQMWS0/I=
github.com/dustin/go-humanize v1.0.0/go.mod h1:RCipcKcj7kzlCgyTyBOxkFX0uUluAsCfnjczkNOt3i8=
github.com/eapache/go-resiliency v1.1.0/go.mod h1:HAZJ/WjA4aKRFvawm64600vojNdjXy/BR9HLTIgiOWI=
github.com/eapache/go-xerial-snappy v0.0.0-20180814174437-776d5712da21/go.mod h1:a/8h6z/2lQmIrO6R7pmkju3fBzOrVT0FMVoq9L7UeIM=
github.com/eapache/queue v1.1.0/go.mod h1:wpzpL6uRMoK10yCUBA8UkYBt5dAaP+clN1G1XVo1xyY=
github.com/edsrzf/mmap-go v1.0.0/go.mod h1:n8e2CqkIVqs6kbJCEB6p974ZKAOG4yyH1cjR84Iossc=
github.com/emirpasic/gods v1.12.0 h1:QAUIPSaCu4G+POclxeqb3F+WPpdKqFGlw36+yOzGlrg=
github.com/emirpasic/gods v1.12.0/go.mod h1:YfzfFFoVP/catgzJb4IKIqXjX78Ha8FMSDh3ymbK86o=
github.com/fatih/color v1.7.0/go.mod h1:mzgVbVc2GUKZffBaNQEPlT0TlxSZ4w/Ei3SPzbZpA7s=
github.com/flynn/go-shlex v0.0.0-20150515145356-3f9db97f8568 h1:BHsljHzVlRcyQhjrss6TZTdY2VfCqZPbv5k3iBFa2ZQ=
github.com/flynn/go-shlex v0.0.0-20150515145356-3f9db97f8568/go.mod h1:sYgjQVaaioHHkfMIATSLwf+yuQpd1L4nW99PFuUKfzQ=
github.com/fogleman/gg v1.1.0/go.mod h1:zyGrdCSVsCvmSs1ECXyMxuWiFc72FCZ2fVqGEkxyZnc=
github.com/fsnotify/fsnotify v1.4.7/go.mod h1:RWp1CC82pDDcNXm4VZbFa5KhGdYOhKN/5LxgHS9A/OA=
github.com/garyburd/redigo v1.6.0/go.mod h1:A+35+Zm406xUYMR6K1jyPsMCHHkQvbn9PnJ2RIhzKOk=
github.com/ghodss/yaml v1.0.0/go.mod h1:f8RsBrNIRjzhkGmtJV0mZoIErXY0Syic9Ih/EQCVpqI=
github.com/gin-contrib/sse v0.0.0-20170109093832-22d885f9ecc7/go.mod h1:38ofi9CTYgtmVTjImxc/2KnP63Jzvkz1l8jE/usMJNY=
github.com/gin-gonic/autotls v0.0.0-20180426091246-be87bd5ef97b/go.mod h1:tAiUc+2/yGZ9//EK2/WF7WEDHqZgfnpBpJiPkKT7/rw=
github.com/gin-gonic/gin v1.3.0/go.mod h1:jJlqkr2lKLVv+VtgnfzIZaHdPXZ/0HaGL7Oseh0QXXk=
github.com/gliderlabs/ssh v0.1.1 h1:j3L6gSLQalDETeEg/Jg0mGY0/y/N6zI2xX1978P0Uqw=
github.com/gliderlabs/ssh v0.1.1/go.mod h1:SSgbvf7IPcRoZbi3P37XWmLnXowqZG9agLMSK5M4QDg=
github.com/go-ini/ini v1.25.4/go.mod h1:uAcpXWkuHAAUGXbKgOqSeMQCmrwegs0173nrueLa9Ps=
github.com/go-kit/kit v0.8.0/go.mod h1:xBxKIO96dXMWWy0MnWVtmwkA9/13aqxPnvrjFYMA2as=
github.com/go-logfmt/logfmt v0.3.0/go.mod h1:gZqWRrKLGjzK0MODNQ8NOyXpNwtMCuz6kg4LV6rU+Yg=
github.com/go-logfmt/logfmt v0.4.0/go.mod h1:3RMwSq7FuexP4Kalkev3ejPJsZTpXXBr9+V4qmtdjCk=
github.com/go-resty/resty v0.0.0-20180405024425-f8815663de1e/go.mod h1:6YylU2b5agvSUDfpwGZWZwVGE6Pod5MEawDsofFQtDw=
github.com/go-sql-driver/mysql v1.4.1/go.mod h1:80Y8fsld47V46PH88hsu6IZMSP9qi4fIen/6PejMkyk=
github.com/go-stack/stack v1.8.0/go.mod h1:kum+DDvVvbphSCBMpALMeU74a0bc4bM4u8IhIJTjk8k=
github.com/gobwas/glob v0.2.3/go.mod h1:HMBVLLCSqpRdlRJmdBTkgD1R0FB5qYb8dI7NW5SGv/I=
github.com/godbus/dbus v4.1.0+incompatible/go.mod h1:sJUjqVbAf7vs+ERe8XwY3UhZP6C56feq08EWon8QE4g=
github.com/gogo/protobuf v1.1.1/go.mod h1:U8IhPjqbXoFUfzuoRHgA6/bOY2sx3m/uQFzBcIRQR/c=
github.com/gogo/protobuf v1.2.0/go.mod h1:U8IhPjqbXoFUfzuoRHgA6/bOY2sx3m/uQFzBcIRQR/c=
github.com/goji/param v0.0.0-20160927210335-d7f49fd7d1ed/go.mod h1:DqiseDCOVIO4BP44u/h1hBllgQO00AI1XwxJwq1e5TU=
github.com/golang/freetype v0.0.0-20170609003504-e2365dfdc4a0/go.mod h1:3M9zCzODE1Wt1ZWFdry2+PGaDNN0NOzmCZIqQU4FZHo=
github.com/golang/glog v0.0.0-20160126235308-23def4e6c14b/go.mod h1:/r0cvmcMtph4jVs6g8ZDfEeOg6QkY1TeiqO2UYJW1+I=
github.com/golang/groupcache v0.0.0-20181024230925-c65c006176ff/go.mod h1:cY5BKMBOBblBaX4Pm0Vqz1ozs/g/F12bIbZAJzJypS8=
github.com/golang/lint v0.0.0-20180702182130-06c8688daad7/go.mod h1:wloM/YcJ7uXHGGnrCm7CiEFmpk7oGXKwYsRyO6n8onE=
github.com/golang/mock v1.1.1/go.mod h1:j/zgrfdr5dKXhyuQso8LkodmoY5TR/7DofUxKmuEEC0=
github.com/golang/mock v1.2.0/go.mod h1:2M3NQBBpa59AquNzYtPZzOqLnY2rtvWSYl1OC0PUyps=
github.com/golang/protobuf v1.1.0/go.mod h1:602cAfJ5aFfxgGZo9bYFvdA2BpFwRsBdWSxnvZmEYU0=
github.com/golang/protobuf v1.2.0/go.mod h1:602cAfJ5aFfxgGZo9bYFvdA2BpFwRsBdWSxnvZmEYU0=
github.com/golang/snappy v0.0.0-20180518054509-2e65f85255db h1:woRePGFeVFfLKN/pOkfl+p/TAqKOfFu+7KPlMVpok/w=
github.com/golang/snappy v0.0.0-20180518054509-2e65f85255db/go.mod h1:wWB3UPv5mRVZsD5zYMc3KYBdi9X1PNBdZJcRFvkkE90=
github.com/gomodule/redigo v2.0.0+incompatible/go.mod h1:VhKaSvlgq7NXu10kYUbf3wswd5qy3HMpbEqXQZS2OLA=
github.com/gonum/blas v0.0.0-20181208220705-f22b278b28ac/go.mod h1:uhAc2WPdeoqYoDumglEnedwmensTrONE3xoqpNyj0g4=
github.com/gonum/floats v0.0.0-20181209220543-c233463c7e82/go.mod h1:GBM58zsvXzClQCHYkxvK4YmEh2ocok12a2lbRqzi4LE=
github.com/gonum/internal v0.0.0-20181124074243-f884aa714029/go.mod h1:Qy/Cgk59esv31bZCj6jockl1TMMEY7qg4eUv8ksp4Gw=
github.com/gonum/lapack v0.0.0-20181123203213-e4cdc5a0bff9/go.mod h1:aErHU+JHle4/qRnJ3biKc5EmcLV7BqnEx50FYqNHkeI=
github.com/gonum/matrix v0.0.0-20181209220409-c518dec07be9/go.mod h1:4XbxYmuZvHGpYAPFEuoMH1x3w5JAGZZ4Y+LEd+oOQDc=
github.com/google/btree v0.0.0-20180813153112-4030bb1f1f0c/go.mod h1:+z0StP7yWOfjHkbRVhKiD6QQvKJAdXDxjgNLlkfpMrQ=
github.com/google/go-cmp v0.2.0 h1:+dTQ8DZQJz0Mb/HjFlkptS1FeQ4cWSnN941F8aEG4SQ=
github.com/google/go-cmp v0.2.0/go.mod h1:xjdnTIGhVE5xxOJE679hJtiUyq+tHS24tr3V73Ibrmc=
github.com/google/go-github v17.0.0+incompatible/go.mod h1:v1xlcoOjJBk35/031a6OYmN0fUz/P9uCsv0LMrYNUD4=
github.com/google/go-querystring v1.0.0/go.mod h1:CmSxHKd9TM3PrYQ3RlduTo6/5hMTCADo5hv9m+wyPQ0=
github.com/google/gofuzz v0.0.0-20170612174753-24818f796faf/go.mod h1:vmwhF0ZKclgiJuNtm/6Yn01cKCxifZhMma0sidbBryM=
github.com/google/martian v2.1.0+incompatible/go.mod h1:NXwM/g+8upL6Wt+ZzEY4hEedYYI4hyFCIgMBzffU6jE=
github.com/google/pprof v0.0.0-20190109223431-e84dfd68c163/go.mod h1:RAJ16tAY7uSw1qPBjlxpkJk2znbmbIaz8GDhziXDyBs=
github.com/google/uuid v1.1.0/go.mod h1:cKXLTZekc3RuVH5uTSl/hVfa1bOa+CuigK2cK9yJxak=
github.com/googleapis/gax-go v2.0.0+incompatible/go.mod h1:ck5QoNZC4Az9yW483XTJINI8wkpsbHv0IVrUXjxJPI4=
github.com/googleapis/gax-go v2.0.2+incompatible/go.mod h1:B9TlyHBnWWaxAJsj4sW8aZ95q/gLrlo1OLqd6oNq77Y=
github.com/gopherjs/gopherjs v0.0.0-20181017120253-0766667cb4d1/go.mod h1:af8N+dRdWiwhFmB4VlzX/utjdgOzNZrOYHIux/ejTHw=
github.com/gopherjs/gopherjs v0.0.0-20181103185306-d547d1d9531e/go.mod h1:jdYO2dPME/X8M3C2SsH8058Tjrdci5fBCeBAzGZ5CKQ=
github.com/gorilla/context v1.1.1/go.mod h1:EFulQuYJBYUrDpbe9xeSPMajNy1CZbhZToZ1RRxcmts=
github.com/gorilla/mux v0.0.0-20131205071822-9ede152210fa/go.mod h1:JNXzGE9JNlMLVlQhSMJk4xE+3ExlKNjj6Ls1LM25W4s=
github.com/gorilla/mux v1.6.2/go.mod h1:JNXzGE9JNlMLVlQhSMJk4xE+3ExlKNjj6Ls1LM25W4s=
github.com/gorilla/websocket v1.4.0/go.mod h1:nWDZ+IvEbaAJxnz63x/TRkEmsmND0SCiX3BPixjaBAo=
github.com/graph-gophers/graphql-go v0.0.0-20190108123631-d5b7dc6be53b/go.mod h1:AnY/myGjl+dGgDejZFQZ7OlIF6EAV8eylh5YXchuZds=
github.com/gregjones/httpcache v0.0.0-20180305231024-9cad4c3443a7/go.mod h1:ji/xpiRHlXQdoGniYBQaA6nXyxoVOxRoYppKkTWC3ao=
github.com/gregjones/httpcache v0.0.0-20181110185634-c63ab54fda8f/go.mod h1:3vG5m9dS9qIKiu2WSyExuBB3FxIV75SiRoAwWGgoudo=
github.com/grpc-ecosystem/go-grpc-middleware v1.0.0/go.mod h1:sXYaYUrKAmEdIjoDU7UHeoyRT+GsCzQqR14sG8VZnn8=
github.com/grpc-ecosystem/go-grpc-prometheus v1.2.0/go.mod h1:Ye3pWYrpPweO+vlUZ5DMtXTh6oVs5IaWfMBeadQwze0=
github.com/grpc-ecosystem/grpc-gateway v1.5.0/go.mod h1:Gn9Nm5qqXUqyGeBO7fhSpeKGp/br7zuxVYzSjE0qf84=
github.com/grpc-ecosystem/grpc-gateway v1.6.4/go.mod h1:Gn9Nm5qqXUqyGeBO7fhSpeKGp/br7zuxVYzSjE0qf84=
github.com/hashicorp/hcl v1.0.0/go.mod h1:E5yfLk+7swimpb2L/Alb/PJmXilQ/rhwaUYs4T20WEQ=
github.com/hpcloud/tail v1.0.0/go.mod h1:03/y1USe04aglhycBSxlqMwpYbvr1m4T4P7rR3COYrI=
github.com/ianlancetaylor/demangle v0.0.0-20181102032728-5e5cf60278f6/go.mod h1:gLcPTwtBPgSyLQ5A4QPnKEA4aXJWrmWGQQZ04FuT+Zc=
github.com/inconshreveable/log15 v0.0.0-20180818164646-67afb5ed74ec/go.mod h1:56zmMvWn28xDxX55IeI5ZcMX2hpWZesttCk+WXqzm7w=
github.com/inconshreveable/mousetrap v1.0.0/go.mod h1:bRKndyb+aDmLrkz5j0bntaxhab0Lzvphr6l+vOr6HMo=
github.com/jbenet/go-context v0.0.0-20150711004518-d14ea06fba99 h1:BQSFePA1RWJOlocH6Fxy8MmwDt+yVQYULKfN0RoTN8A=
github.com/jbenet/go-context v0.0.0-20150711004518-d14ea06fba99/go.mod h1:1lJo3i6rXxKeerYnT8Nvf0QmHCRC1n8sfWVwXF2Frvo=
github.com/jellevandenhooff/dkim v0.0.0-20150330215556-f50fe3d243e1/go.mod h1:JhUjiNyp9IAmVt1gMBYjrR6Xkdj2cj9Abxx+R26t94A=
github.com/jessevdk/go-assets v0.0.0-20160921144138-4f4301a06e15/go.mod h1:6hQUv5ZIsLa72h04n4I2gDHgrKGYVd1aDWTuHcvCzxU=
github.com/jessevdk/go-flags v1.4.0/go.mod h1:uuO6+EI/KYZMAiCrg2g0Ms4RGFffhdspFtGrWKJbMOc=
github.com/jfrog/gofrog v1.0.2/go.mod h1:4Caxvc8B2K1A798G1Ne+SsUICRPPre4GpgcFqj+EXJ8=
github.com/jfrog/gofrog v1.0.3 h1:npsZ64nBjphtv527ihFyV+lMqzNNgjb1KLl6q4UAhj0=
github.com/jfrog/gofrog v1.0.3/go.mod h1:4Caxvc8B2K1A798G1Ne+SsUICRPPre4GpgcFqj+EXJ8=
github.com/jfrog/jfrog-client-go v0.2.1 h1:FwA/acGVa6Ry978/wI6Tqux0WBz9LzRd3MwMIp9kpME=
github.com/jfrog/jfrog-client-go v0.2.1/go.mod h1:g0MPAQDBbGWqn473RyKpGEUttjSm78kVyX+0gMasT3I=
github.com/jmespath/go-jmespath v0.0.0-20160202185014-0b12d6b521d8/go.mod h1:OmpTwUJ9f88seYL0rq9xINKBe3uZfWI85voFwcMqagQ=
github.com/jmespath/go-jmespath v0.0.0-20180206201540-c2b33e8439af/go.mod h1:OmpTwUJ9f88seYL0rq9xINKBe3uZfWI85voFwcMqagQ=
github.com/jonboulle/clockwork v0.1.0/go.mod h1:OTiDpErNUBe0mLW2QISoxKADw3yugxdIFZidowcnw5g=
github.com/jpillora/backoff v0.0.0-20180909062703-3050d21c67d7/go.mod h1:h2pMeehPXzEOaACqoXnQT0AcoDSOci2F7iQOBsTX0l4=
github.com/json-iterator/go v1.1.5/go.mod h1:GyfyIuPMZYhLU1/T/3saw52KUHgnvjeHc5lVsNuDx54=
github.com/jtolds/gls v4.2.1+incompatible/go.mod h1:wYzuTEepk8u969ilmpAa5mic5CGeFQUGUbNw8Q/LFZg=
github.com/julienschmidt/httprouter v1.2.0/go.mod h1:UmQIlFTni/5zJy9nIlP3zb3vdRr77ifuYgFCvFOi9Eg=
github.com/jung-kurt/gofpdf v1.0.0/go.mod h1:gCVgoUob7x3SxSo1fquAmdbf2bgyHDdIcn2XmduLkZI=
github.com/kevinburke/ssh_config v0.0.0-20180830205328-81db2a75821e h1:RgQk53JHp/Cjunrr1WlsXSZpqXn+uREuHvUVcK82CV8=
github.com/kevinburke/ssh_config v0.0.0-20180830205328-81db2a75821e/go.mod h1:CT57kijsi8u/K/BOFA39wgDQJ9CxiF4nAY/ojJ6r6mM=
github.com/kisielk/gotool v1.0.0/go.mod h1:M+W1WY7FGqjhFXmwCQl/Dc7QFIA/v9wJGwH0cJz9oI4=
github.com/konsorten/go-windows-terminal-sequences v1.0.1/go.mod h1:ubv9uwoCkcLFphvGX3MBZg6M22QGORRviYpGhhO8eI0=
github.com/kr/fs v0.1.0/go.mod h1:/DUDJKF4Sb9kSNh6ZsxcKFkAERFnUimFh5hS15QKFNQ=
github.com/kr/logfmt v0.0.0-20140226030751-b84e30acd515/go.mod h1:YNyv2okZUB1PbgBB9/LIi1fxXZStcHyPuX9TweLcxsU=
github.com/kr/pretty v0.1.0 h1:L/CwN0zerZDmRFUapSPitk6f+Q3+0za1rQkzVuMiMFI=
github.com/kr/pretty v0.1.0/go.mod h1:dAy3ld7l9f0ibDNOQOHHMYYIIbhfbHSm3C4ZsoJORNo=
github.com/kr/pty v1.1.1/go.mod h1:8+mKbner3PPFbxuctTse6eimSCfnBlhsHwTuN/Hibnk=
github.com/kr/pty v1.1.3/go.mod h1:8+mKbner3PPFbxuctTse6eimSCfnBlhsHwTuN/Hibnk=
github.com/kr/text v0.1.0 h1:45sCR5RtlFHMR4UwH9sdQ5TC8v0qDQCHnXt+kaKSTVE=
github.com/kr/text v0.1.0/go.mod h1:4Jbv+DJW3UT/LiOwJeYQe1efqtUx/iVham/4vfdArNI=
github.com/lib/pq v1.0.0/go.mod h1:Q65/niPB81iR5r4Gf2cxQr6EETfdUmo+BKA8fZhsOlE=
github.com/magiconair/properties v1.8.0/go.mod h1:joUAeE9Mu5h3xong/wAOMcSTSApCZphWbhSwg8sxAmE=
github.com/manucorporat/stats v0.0.0-20180402194714-3ba42d56d227/go.mod h1:ZGI4+8AEnaDnVVZC/e+x0omKs5gSCfomwqidbZAdxsY=
github.com/mattn/go-colorable v0.0.9/go.mod h1:OqDww96CKgyt283bAbBw+7QBOPHQm7Juoscg2MpH8JQ=
github.com/mattn/go-isatty v0.0.4/go.mod h1:Vy84IDVUcHVz+BL7lr124Nczrdl1UIJp9c0wJg+AMaM=
github.com/mattn/go-runewidth v0.0.4/go.mod h1:aWr0rcw0J8NoOsmL44ShjM4a/tOYMukaYcOLWbcX4G4=
github.com/mattn/go-shellwords v1.0.3 h1:K/VxK7SZ+cvuPgFSLKi5QPI9Vr/ipOf4C1gN+ntueUk=
github.com/mattn/go-shellwords v1.0.3/go.mod h1:3xCvwCdWdlDJUrvuMn7Wuy9eWs4pE8vqg+NOMyg4B2o=
github.com/mattn/go-sqlite3 v0.0.0-20161215041557-2d44decb4941/go.mod h1:jw/KCoUnyWVoQlcjEFxmReFdVSzYBSiYt44RHAVVa+c=
github.com/matttproud/golang_protobuf_extensions v1.0.1/go.mod h1:foj3TBZv4t7J5pRtwkZNKFokqhA4tnsME2kcCHivSUc=
github.com/mgutz/ansi v0.0.0-20170206155736-9520e82c474b/go.mod h1:nngb91/sXq0I9zIZkMI1rrhFPmD3++tvn4mnYa3pB7o=
github.com/mholt/archiver v2.1.0+incompatible h1:1ivm7KAHPtPere1YDOdrY6xGdbMNGRWThZbYh5lWZT0=
github.com/mholt/archiver v2.1.0+incompatible/go.mod h1:Dh2dOXnSdiLxRiPoVfIr/fI1TwETms9B8CTWfeh7ROU=
github.com/microcosm-cc/bluemonday v1.0.1/go.mod h1:AQu1TC6hrXuqMXnquunvRLJu27nkvyGyefpAJ3WioSk=
github.com/mitchellh/go-homedir v1.0.0 h1:vKb8ShqSby24Yrqr/yDYkuFz8d0WUjys40rvnGC8aR0=
github.com/mitchellh/go-homedir v1.0.0/go.mod h1:s2m/mqGb2KpwL+qkz+OUKIxSuVTvlHSzRK1LScZN6co=
github.com/mitchellh/mapstructure v1.0.0/go.mod h1:FVVH3fgwuzCH5S8UJGiWEs2h04kUh9fWfEaFds41c1Y=
github.com/mitchellh/mapstructure v1.1.2/go.mod h1:eybjvpyF1Xrvt9+yDD+WV2dTtxndZkhD2YqAo4x8UK4=
github.com/modern-go/concurrent v0.0.0-20180228061459-e0a39a4cb421/go.mod h1:20/JoV63GgdrLE5fBDUDnad8U7tClWl/gY8DNzCaukA=
github.com/modern-go/reflect2 v0.0.0-20180701023420-4b7aa43c6742/go.mod h1:+gswU4bepEc3fEPCsX+ZT4A21fktqKxHMPjeG4agjHI=
github.com/mwitkow/go-conntrack v0.0.0-20161129095857-cc309e4a2223/go.mod h1:5zMwVSNCMrzihIBmQ5W6D0n0wYix+aoU+pguUSEdocM=
github.com/nbutton23/zxcvbn-go v0.0.0-20180912185939-ae427f1e4c1d/go.mod h1:ZJHqjxdJ9mxnxxKvtgIWdBV+lAc7NIaOIRKgYMI8ZUc=
github.com/neelance/astrewrite v0.0.0-20160511093645-99348263ae86/go.mod h1:AodfNBZfFyt3OF71bdRWmPuhu41L1drTldEkG602Obk=
github.com/neelance/sourcemap v0.0.0-20151028013722-8c68805598ab/go.mod h1:VuRNoTLo90y39WS+4WBJqYetZ/u22PbwuvEvsQkwbtI=
github.com/nwaples/rardecode v0.0.0-20171029023500-e06696f847ae h1:UF9xsJn7AeQ72TCus3eRO1lh08Id3AoF37vl+qigL/w=
github.com/nwaples/rardecode v0.0.0-20171029023500-e06696f847ae/go.mod h1:5DzqNKiOdpKKBH87u8VlvAnPZMXcGRhxWkRpHbbfGS0=
github.com/olekukonko/tablewriter v0.0.0-20170122224234-a0225b3f23b5/go.mod h1:OemxE6kjLLDrGFGoegIml5IgNcIWEvEr0zS2GJbxQt8=
github.com/onsi/ginkgo v1.6.0/go.mod h1:jrXjiPNI1wD9kI2OKj8YCL3bAfagh5CHcKRe5ekJwQg=
github.com/onsi/ginkgo v1.7.0/go.mod h1:jrXjiPNI1wD9kI2OKj8YCL3bAfagh5CHcKRe5ekJwQg=
github.com/onsi/gomega v1.4.3/go.mod h1:ex+gbHU/CVuBBDIJjb2X0qEXbFg53c61hWP/1CpauHY=
github.com/opentracing/basictracer-go v1.0.0/go.mod h1:JR7OXgoUZR1T6WNFUYwyJqxLwXAC7J6FsMEX3gl5YJE=
github.com/opentracing/opentracing-go v1.0.2/go.mod h1:yeRYmHzuntevII4mnpFIY3QGpgkr8BfgvHo3LBQksqk=
github.com/openzipkin/zipkin-go v0.1.1/go.mod h1:/sIoItSKPX/5EAnk874YJg8G/c8VdjV1kDu47uRq6mI=
github.com/pelletier/go-buffruneio v0.2.0 h1:U4t4R6YkofJ5xHm3dJzuRpPZ0mr5MMCoAWooScCR7aA=
github.com/pelletier/go-buffruneio v0.2.0/go.mod h1:JkE26KsDizTr40EUHkXVtNPvgGtbSNq5BcowyYOWdKo=
github.com/pelletier/go-toml v1.2.0/go.mod h1:Ql57eoEcw3H/2tDxhNrnaF6NQI71X4R/+ppnGwNNVPs=
github.com/peterbourgon/diskv v2.0.1+incompatible/go.mod h1:zZEryyxekPzK2MHoEI2lULVqVZjt2kVAVqYUldrhD3I=
github.com/pierrec/lz4 v2.0.5+incompatible h1:2xWsjqPFWcplujydGg4WmhC/6fZqK42wMM8aXeqhl0I=
github.com/pierrec/lz4 v2.0.5+incompatible/go.mod h1:z/3H+JxSFPLl4S3muTUYuHJQwsbqc/FWvukxZ3cSjHs=
github.com/pkg/errors v0.8.0/go.mod h1:0DG8HzTThMuw95Bwoef6JFenj+uqQOr/4xNznNYBX2Y=
github.com/pkg/errors v0.8.1 h1:iURUrRGxPUNPdy5/HRSm+Yj6okJ6UtLINN0Q9M4+h3I=
github.com/pkg/errors v0.8.1/go.mod h1:b/Cpsm7DCwwnjd4FHa3DsSldlgsNhnuboC9fqGfaTU8=
github.com/pkg/profile v1.2.1/go.mod h1:2M6W+42Eilxa1nfgVKhNjo2pB1wKEepX0QRyiZtJYsU=
github.com/pkg/sftp v1.8.3/go.mod h1:NrshXxdDwOg4XO3+wTTbkMA6r7d52TY0xVl0jpDIQlY=
github.com/pmezard/go-difflib v1.0.0 h1:4DBwDE0NGyQoBHbLQYPwSUPoCMWR5BEzIk/f1lZbAQM=
github.com/pmezard/go-difflib v1.0.0/go.mod h1:JTFT+/xry6gun30oZHWvEfa/zgOp/qt0VBO0ShfkuOU=
github.com/prometheus/client_golang v0.8.0/go.mod h1:Z83+Cl1hs08JEUnqyqzNNinIFdulY8EuFHr0CcLKrcE=
github.com/prometheus/client_golang v0.9.1/go.mod h1:lII7vRIn6/tYwYsNfwUvfWNMXuJBASk5PZgwUaeyVnE=
github.com/prometheus/client_golang v0.9.2/go.mod h1:OsXs2jCmiKlQ1lTBmv21f2mNfw4xf/QclQDMrYNZzcM=
github.com/prometheus/client_model v0.0.0-20180712105110-5c3871d89910/go.mod h1:7+WGAu06AXioMOh+ItGwQ/N5+an/qAf0JrPcy1hlx6w=
github.com/prometheus/client_model v0.0.0-20190109181635-f287a105a20e/go.mod h1:7+WGAu06AXioMOh+ItGwQ/N5+an/qAf0JrPcy1hlx6w=
github.com/prometheus/common v0.0.0-20180801064454-c7de2306084e/go.mod h1:qezuPtijppwAXLqvo2SwTlEyUkFp/PLtVegF2jVcHmY=
github.com/prometheus/common v0.0.0-20181126121408-4724e9255275/go.mod h1:rCw0xkABW6/aH5XqcxKzMhdW+d5KVPe5W9Az9ghDkcM=
github.com/prometheus/common v0.0.0-20190107103113-2998b132700a/go.mod h1:TNfzLD0ON7rHzMJeJkieUDPYmFC7Snx/y86RQel1bk4=
github.com/prometheus/procfs v0.0.0-20180725123919-05ee40e3a273/go.mod h1:iI9pPQ+kkPFh9czBRCC9NOe9VUsLRzDdGpDVSvZE5s0=
github.com/prometheus/procfs v0.0.0-20181005140218-185b4288413d/go.mod h1:iI9pPQ+kkPFh9czBRCC9NOe9VUsLRzDdGpDVSvZE5s0=
github.com/prometheus/procfs v0.0.0-20181204211112-1dc9a6cbc91a/go.mod h1:iI9pPQ+kkPFh9czBRCC9NOe9VUsLRzDdGpDVSvZE5s0=
github.com/prometheus/procfs v0.0.0-20190104112138-b1a0a9a36d74/go.mod h1:iI9pPQ+kkPFh9czBRCC9NOe9VUsLRzDdGpDVSvZE5s0=
github.com/rcrowley/go-metrics v0.0.0-20181016184325-3113b8401b8a/go.mod h1:vw6wstLZRddrRSi8EQmRXCiaiR2XF0l2nqGnJKbBnE0=
github.com/remyoudompheng/bigfft v0.0.0-20170806203942-52369c62f446/go.mod h1:qB4S3/OKvw+35dwOXHrmFUHctXUDgUkkyl3vu4zNRHA=
github.com/rogpeppe/fastuuid v0.0.0-20150106093220-6724a57986af/go.mod h1:fAiZZi5CI0hZWhQjRSsWZZSiEe/sdVoDCZxsBw5s2Pg=
github.com/rs/xid v1.2.1/go.mod h1:Nw0KAYV6omOdbcTSBLX69EC/1Rr4wlUrctLoJ+UD10M=
github.com/rs/zerolog v1.11.0/go.mod h1:F7aAkKAQrp3N8WsNBFK1JlogE20OVSy4uSlaP8eImfg=
github.com/russross/blackfriday v0.0.0-20170728175326-4048872b16cc/go.mod h1:KKticVVlzsoBbYLYxwMAKCpyvd+jMn3ImoaraY8UyLI=
github.com/russross/blackfriday v1.5.2/go.mod h1:KKticVVlzsoBbYLYxwMAKCpyvd+jMn3ImoaraY8UyLI=
github.com/russross/blackfriday v2.0.0+incompatible/go.mod h1:Dmln7qBp18Nfy7VT+U2kAZT0A+8MqkThgQbSvL6zv7E=
github.com/ruudk/golang-pdf417 v0.0.0-20181029194003-1af4ab5afa58/go.mod h1:6lfFZQK844Gfx8o5WFuvpxWRwnSoipWe/p622j1v06w=
github.com/rwcarlsen/goexif v0.0.0-20190107194617-b1fd11e07dc5/go.mod h1:9yY1U04aps4xp0RNRari+xLw2C64/UQirZIGgifiYQA=
github.com/satori/go.uuid v1.2.0/go.mod h1:w4VNb0ZG/7cZRrsnMKGCXdHoSfSahSA1xb/ICIMbgNw=
github.com/sergi/go-diff v1.0.0 h1:Kpca3qRNrduNnOQeazBd0ysaKrUJiIuISHxogkT9RPQ=
github.com/sergi/go-diff v1.0.0/go.mod h1:vFtLxxwXIbEl36AeV+tBQZRv6pb570fHZm28D7NIPzM=
github.com/shurcooL/component v0.0.0-20170202220835-f88ec8f54cc4/go.mod h1:AjGEhLMfWNq3DWS6ylA4nlVoRaHl14xOx6BLbdcL2fA=
github.com/shurcooL/events v0.0.0-20181021180414-410e4ca65f48/go.mod h1:l1kK4Ad7skbgnH+1VVWkNb5AOIzwaYcC+1n/HvYjB68=
github.com/shurcooL/frontend v0.0.0-20180531171852-7e359e4b7b17/go.mod h1:7afssL7IAsv9KxQt5mFd0TPelRxEjlqWFNYBRU0GcnU=
github.com/shurcooL/github_flavored_markdown v0.0.0-20181002035957-2122de532470/go.mod h1:2dOwnU2uBioM+SGy2aZoq1f/Sd1l9OkAeAUvjSyvgU0=
github.com/shurcooL/githubv4 v0.0.0-20181216014959-b89dc648a159/go.mod h1:0Zn+rXLZHF5jV/2xB3tRxUfu1JVvwZJAYMCybHNBUts=
github.com/shurcooL/go v0.0.0-20180423040247-9e1955d9fb6e/go.mod h1:okkVGWRaGrGX931oHIOXIaMSEgkpKJSTvL8rPCQwqDQ=
github.com/shurcooL/go v0.0.0-20181215222900-0143a8f55f04/go.mod h1:okkVGWRaGrGX931oHIOXIaMSEgkpKJSTvL8rPCQwqDQ=
github.com/shurcooL/go-goon v0.0.0-20170922171312-37c2f522c041/go.mod h1:mI8xUDt8ngcmhBV9y6nQHHFvnTpjx4UJiI7Onn2xiXs=
github.com/shurcooL/gofontwoff v0.0.0-20180329035133-29b52fc0a18d/go.mod h1:t6tfxYVwcFyHUoVO6w+w1FXA9Bvu1cjscI9DdFhpnyo=
github.com/shurcooL/gofontwoff v0.0.0-20181114050219-180f79e6909d/go.mod h1:t6tfxYVwcFyHUoVO6w+w1FXA9Bvu1cjscI9DdFhpnyo=
github.com/shurcooL/gopherjslib v0.0.0-20160914041154-feb6d3990c2c/go.mod h1:wDgs73dnkellxePH82rOKuHdGlXFvd45BnN+EmMnQgA=
github.com/shurcooL/graphql v0.0.0-20181231061246-d48a9a75455f/go.mod h1:j7NJ67CNT5U1Y5gtqVT8v1J0rmr2LG1A37ZD4H8t/A4=
github.com/shurcooL/highlight_diff v0.0.0-20170515013008-09bb4053de1b/go.mod h1:T16ro0ZVo8ve9N0vovSS+f+IP4KapXX1OX5IsRFtbM4=
github.com/shurcooL/highlight_diff v0.0.0-20181222201841-111da2e7d480/go.mod h1:hyH+s0a3seuQAcAHtjDX1zjI8QWA4V+ALGlwVqbPLeI=
github.com/shurcooL/highlight_go v0.0.0-20181028180052-98c3abbbae20/go.mod h1:5q8M8uAbJDsQPLNR1BoP4mpe4Hcc+uhc4oHpd2MWcHw=
github.com/shurcooL/home v0.0.0-20181020052607-80b7ffcb30f9/go.mod h1:HI7yS3QwQuGrTEpKCo8uXMbdJRKIbGhzmvMiU4CfOOY=
github.com/shurcooL/home v0.0.0-20190101071406-abbc719fee53/go.mod h1:fQAodkAyJllZfVcwz6sXuTNBY74XFg99WyzdGvj0HG8=
github.com/shurcooL/htmlg v0.0.0-20170918183704-d01228ac9e50/go.mod h1:h87af3/VzX1btaOZqvgnJeShq+YNIsrtSLlegrglubE=
github.com/shurcooL/httperror v0.0.0-20170206035902-86b7830d14cc/go.mod h1:kbfBiCAvB+K5e8WiXyEEcfbg4AKidoYdtAIxFrckh2U=
github.com/shurcooL/httpfs v0.0.0-20171119174359-809beceb2371/go.mod h1:ccyIwuEMNP/7NTKFEyoP7lq9mzRDbHldkUfOOMeanNY=
github.com/shurcooL/httpfs v0.0.0-20181222201310-74dc9339e414/go.mod h1:ccyIwuEMNP/7NTKFEyoP7lq9mzRDbHldkUfOOMeanNY=
github.com/shurcooL/httpgzip v0.0.0-20180522190206-b1c53ac65af9/go.mod h1:/TfJGhWIJ2Fwdz+dX0mWfCaOVc97IMGLZmelEd95BPI=
github.com/shurcooL/issues v0.0.0-20181008053335-6292fdc1e191/go.mod h1:ZNrakZiY/6Cqpv2UFWWPNKXMET3tXVDsdldVabTKUok=
github.com/shurcooL/issuesapp v0.0.0-20180602232740-048589ce2241/go.mod h1:cjU33j3uEemU9LFAhnLDC7VtuUtFwO4Bw4hwJ54pV5I=
github.com/shurcooL/issuesapp v0.0.0-20181229001453-b8198a402c58/go.mod h1:cjU33j3uEemU9LFAhnLDC7VtuUtFwO4Bw4hwJ54pV5I=
github.com/shurcooL/markdownfmt v0.0.0-20180625154226-5ba28a0bf004/go.mod h1:hmKe3MRPItPDEfDR3QhTgGwFeqH2zJOYfc/5EjYb7Lo=
github.com/shurcooL/notifications v0.0.0-20181007000457-627ab5aea122/go.mod h1:FXVv77ER2FJ1Jz9i7ZMfLN7+xXup0XZPHEfIdjFdL8c=
github.com/shurcooL/notifications v0.0.0-20181111060504-bcc2b3082a7a/go.mod h1:FXVv77ER2FJ1Jz9i7ZMfLN7+xXup0XZPHEfIdjFdL8c=
github.com/shurcooL/notificationsapp v0.0.0-20181114034014-0a6e54cc4198/go.mod h1:2kURcol+l7UjUBqqw/ygXKXYMMZbg8rijNNa79Z8//A=
github.com/shurcooL/octicon v0.0.0-20181028054416-fa4f57f9efb2/go.mod h1:1nAMUUBo4xG6FCjpXJIml0mXd6HfaluveYeVAxGCtpI=
github.com/shurcooL/octicon v0.0.0-20181222203144-9ff1a4cf27f4/go.mod h1:1nAMUUBo4xG6FCjpXJIml0mXd6HfaluveYeVAxGCtpI=
github.com/shurcooL/reactions v0.0.0-20181006231557-f2e0b4ca5b82/go.mod h1:e3CUEe5cyyC9nThqwQpQgiO9T+RlADBbp2oXaeTaLhE=
github.com/shurcooL/reactions v0.0.0-20181222204718-145cd5e7f3d1/go.mod h1:Rx5MCalZG3fnPAgvhPL1WWC2GkvX3sMe6y93269HOlU=
github.com/shurcooL/resume v0.0.0-20181007181512-33b7b5e8c05d/go.mod h1:OhL3+BrOr70oskNRSA1kEzGlZ3nLK74nKFeJNofqCMo=
github.com/shurcooL/sanitized_anchor_name v0.0.0-20170918181015-86672fcb3f95/go.mod h1:N4agvbtk2wKsj5RFGZa6Hx6KjO1+vPzrCJyUTERvdfU=
github.com/shurcooL/sanitized_anchor_name v1.0.0/go.mod h1:N4agvbtk2wKsj5RFGZa6Hx6KjO1+vPzrCJyUTERvdfU=
github.com/shurcooL/users v0.0.0-20180125191416-49c67e49c537/go.mod h1:XrOdzxCi8SpZrEgxEGhPCXlnYeoGCy98ccKvbFnd7YQ=
github.com/shurcooL/vfsgen v0.0.0-20181202132449-6a9ea43bcacd/go.mod h1:p9SceY3eLlaiaDg8XSQOuezW6wCatfp2uHHrBmzhDVs=
github.com/shurcooL/webdavfs v0.0.0-20170829043945-18c3829fa133/go.mod h1:6fHuCJ/JvgobZ+8v+O4ABU6F5lh3fXXxCRN+aqQcC3o=
github.com/shurcooL/webdavfs v0.0.0-20181215192745-5988b2d638f6/go.mod h1:6fHuCJ/JvgobZ+8v+O4ABU6F5lh3fXXxCRN+aqQcC3o=
github.com/sirupsen/logrus v0.0.0-20140829175119-d70cdce21e9a/go.mod h1:pMByvHTf9Beacp5x1UXfOR9xyW/9antXMhjMPG0dEzc=
github.com/sirupsen/logrus v1.2.0/go.mod h1:LxeOpSwHxABJmUn/MG1IvRgCAasNZTLOkJPxbbu5VWo=
github.com/sirupsen/logrus v1.3.0/go.mod h1:LxeOpSwHxABJmUn/MG1IvRgCAasNZTLOkJPxbbu5VWo=
github.com/smartystreets/assertions v0.0.0-20180927180507-b2de0cb4f26d/go.mod h1:LGrUqsN9DnZ+94VU/LpACUUsPuzhSV+Qpl4xVIhEap8=
github.com/smartystreets/go-aws-auth v0.0.0-20180515143844-0c1422d1fdb9/go.mod h1:QsLMQ9YlbRppWogpiXlHqofACSnHkwLi77hHZK+BYIA=
github.com/smartystreets/goconvey v0.0.0-20181108003508-044398e4856c/go.mod h1:zwkNT46HzTYoe++9BL5Qqw3ztTvWC77tFc/lvumNvgU=
github.com/smartystreets/gunit v0.0.0-20180314194857-6f0d6275bdcd/go.mod h1:6XvPz/3lzDdDDNx3AEWnVA8y/twFLtMEvvE3tjdwRtU=
github.com/soheilhy/cmux v0.1.4/go.mod h1:GUYH7/4uWXuuETP3neF7W5wstEVlZx1U63hY2i2vcvA=
github.com/sourcegraph/annotate v0.0.0-20160123013949-f4cad6c6324d/go.mod h1:JFgwxUqPpEFzYFyzcrIh6ydBgOpD0cWfU5enszA1EvQ=
github.com/sourcegraph/syntaxhighlight v0.0.0-20170531221838-bd320f5d308e/go.mod h1:3mfvhBkokke4W/8nUms6rcH7hVzuTDM0LXaXF82P5x8=
github.com/spf13/afero v1.1.2/go.mod h1:dT5mJwQ8aFAX14yFgBAXx8kuWU9ZXV/mnn7/3m39UzI=
github.com/spf13/cast v1.2.0/go.mod h1:r2rcYCSwa1IExKTDiTfzaxqT2FNHs8hODu4LnUfgKEg=
github.com/spf13/cast v1.3.0/go.mod h1:Qx5cxh0v+4UWYiBimWS+eyWzqEqokIECu5etghLkUJE=
github.com/spf13/cobra v0.0.3/go.mod h1:RCal/coqfiuebHgI8WdNrjMyMTVHBCX6oqHAVThB8qA=
github.com/spf13/jwalterweatherman v1.0.0/go.mod h1:rFZyNk2rSwI7IsH96kXzZ6kPV7utqYZb90pksViXyMQ=
github.com/spf13/pflag v1.0.2/go.mod h1:DYY7MBk1bdzusC3SYhjObp+wFpr4gzcvqqNjLnInEg4=
github.com/spf13/pflag v1.0.3/go.mod h1:/PRmZ8ydEgAYM0UNpXnc0RoUwO8MY+9+Ekt5m94FZSQ=
github.com/spf13/viper v1.2.1/go.mod h1:P4AexN0a+C9tGAnUFNwDMYYZv3pjFuvmeiMyKRaNVlI=
github.com/spf13/viper v1.3.1/go.mod h1:ZiWeW+zYFKm7srdB9IoDzzZXaJaI5eL9QjNiN/DMA2s=
github.com/src-d/gcfg v1.3.0 h1:2BEDr8r0I0b8h/fOqwtxCEiq2HJu8n2JGZJQFGXWLjg=
github.com/src-d/gcfg v1.3.0/go.mod h1:p/UMsR43ujA89BJY9duynAwIpvqEujIH/jFlfL7jWoI=
github.com/stathat/go v1.0.0/go.mod h1:+ObxLY9bLun17vfWe8qp6YxQG+MckAclYxgCq3jolNA=
github.com/stretchr/objx v0.1.0/go.mod h1:SONlOV1ji5iy8F3YT0EYm/CKj9RJUISmhYOndkxB5JI=
github.com/stretchr/objx v0.1.1/go.mod h1:SONlOV1ji5iy8F3YT0EYm/CKj9RJUISmhYOndkxB5JI=
github.com/stretchr/testify v1.2.2/go.mod h1:mp30LIbV7Hz/Nwk/8pGCxMRGj4vH/778rkAkNRak74s=
github.com/stretchr/testify v1.3.0 h1:TivCn/peBQ7UY8ooIcPgZFpTNSz0Q2U6UrFlUfqbe0Q=
github.com/stretchr/testify v1.3.0/go.mod h1:M5WIy9Dh21IEIfnGCwXGc5bZfKNJtfHm1UVUgZn+9EI=
github.com/syndtr/goleveldb v0.0.0-20181128100959-b001fa50d6b2/go.mod h1:B8mrgjP9ZAluXeMW+ZOR49E6PauS4TiVAP3/PR2xOtA=
github.com/tambet/go-asana v0.0.0-20161015030314-6c0cb7090a14/go.mod h1:SVebfaptEbzhWpptZihukm+CbBpBzq/VuIkBYlt/X5Y=
github.com/tarm/serial v0.0.0-20180830185346-98f6abe2eb07/go.mod h1:yYvpjPtWYYKp0HmOmtyM1SYVR4S1nMXMV5/w1Z3WSus=
github.com/thinkerou/favicon v0.1.0/go.mod h1:/dTRubaCBSERH+LQgRVembpgyAgjjNnq8bxZaU2hpx4=
github.com/tj/go-elastic v0.0.0-20171221160941-36157cbbebc2/go.mod h1:AwZpf4wVQlNP2wTgcEjhPZYFixZwolYIKeQsWivo4ZQ=
github.com/tj/go-kinesis v0.0.0-20171128231115-08b17f58cb1b/go.mod h1:XLnfI4sCEdx0ylxRpJ1CjPRepQi9WOFXP51PlbN1OK4=
github.com/tj/go-spin v1.1.0/go.mod h1:jnLedg4iExfEWMjaque8GsA7+cKQs00KoxHhojl4yh8=
github.com/tmc/grpc-websocket-proxy v0.0.0-20190109142713-0ad062ec5ee5/go.mod h1:IuRGaw7wQ6qZe/uAd7LvABnNH5ACeU53E7537pfpRcw=
github.com/ugorji/go/codec v0.0.0-20181204163529-d75b2dcb6bc8/go.mod h1:/+UPB1qA0vG7DaoyEY09LvR8YfiugxCdYWwwFBK0t98=
github.com/ulikunitz/xz v0.5.4 h1:zATC2OoZ8H1TZll3FpbX+ikwmadbO699PE06cIkm9oU=
github.com/ulikunitz/xz v0.5.4/go.mod h1:2bypXElzHzzJZwzH67Y6wb67pO62Rzfn7BSiF4ABRW8=
github.com/urfave/cli v1.18.0/go.mod h1:vf34Z+H4rmfijGOmHYDRwIK1nulEW+iPghWtxARfp+g=
github.com/urfave/negroni v1.0.0/go.mod h1:dikfwxKWlvyae+mWeyh2tmzcuKguM2sq4N1CQJTA71o=
github.com/xanzy/ssh-agent v0.2.0 h1:Adglfbi5p9Z0BmK2oKU9nTG+zKfniSfnaMYB+ULd+Ro=
github.com/xanzy/ssh-agent v0.2.0/go.mod h1:0NyE30eGUDliuLEHJgYte/zncp2zdTStcOnWhgSqHD8=
github.com/xiang90/probing v0.0.0-20160813154853-07dd2e8dfe18/go.mod h1:hGM4vTlmfnkcWFneMpUe0x7NIDRDQDz0Hsi5094RM6U=
github.com/xordataexchange/crypt v0.0.3-0.20170626215501-b2862e3d0a77/go.mod h1:m9uO0fVuIkE/EfW6wRggGCOi/JP5sVA5IDT3brInpX0=
github.com/zenazn/goji v0.9.0/go.mod h1:U9Bb0CYWt2p5g15/PXxzM4cN6mzbO0YDpQgGGXk/PxY=
go.opencensus.io v0.15.0/go.mod h1:kVZs6aboNUhX2lOXjhe8RlKiQ1u6lHY3l4HHwLlipoo=
go.opencensus.io v0.18.0/go.mod h1:vKdFvxhtzZ9onBp9VKHK8z/sRpBMnKAsufL7wlDrCOA=
go.pedge.io/env v0.0.0-20171203202719-5f5a7ded0de0/go.mod h1:DB2d9rWi7xaH6j6TtwT6NzbJSi5C1/1u8ueJpgd/OCo=
go.pedge.io/lion v0.0.0-20180209205627-cec50fdf118c/go.mod h1:NYDJdjFy7nFSahvKd45wOMU2LfOXxjKxIsl45ogyvSE=
go.uber.org/atomic v1.1.0/go.mod h1:vN2sWS5rlhrNqT5AvqSX3z6A1n1TkryInF7p2Bp/ytM=
go.uber.org/atomic v1.3.2/go.mod h1:vN2sWS5rlhrNqT5AvqSX3z6A1n1TkryInF7p2Bp/ytM=
go.uber.org/multierr v1.1.0/go.mod h1:9fdXk+8cIV+t/EYOdLMtTLjaXgfbnAAda6wqFyA5oWY=
go.uber.org/zap v1.9.1/go.mod h1:2umicbGDccfRiw/1oeMGybamBKT4bQt5zaqn7DJrJV0=
go4.org v0.0.0-20180809161055-417644f6feb5/go.mod h1:N768qVc5JyLKabVvcO5NSVhdTEzx8ievrCRv31Wp4vw=
go4.org v0.0.0-20181109185143-00e24f1b2599/go.mod h1:5aFth0KbfqEkkqV7p/VgvGYnkclxsr6bTvvJygTe5lY=
golang.org/x/build v0.0.0-20190111050920-041ab4dc3f9d/go.mod h1:OWs+y06UdEOHN4y+MfF/py+xQ/tYqIWW03b70/CG9Rw=
golang.org/x/crypto v0.0.0-20170606163016-e7ba82683099/go.mod h1:dgCAlnhovlW4V0HSzd+DaTaiw+EQf2tsFZQRzK8DS2U=
golang.org/x/crypto v0.0.0-20180904163835-0709b304e793/go.mod h1:49fI8CSAl+CVTyNQsNT2zteYcgJP8AQxivgQa58dTcs=
golang.org/x/crypto v0.0.0-20181001203147-e3636079e1a4/go.mod h1:6SG95UA2DQfeDnfUPMdvaQW0Q7yPrPDi9nlGo2tz2b4=
golang.org/x/crypto v0.0.0-20181030102418-4d3f4d9ffa16/go.mod h1:49fI8CSAl+CVTyNQsNT2zteYcgJP8AQxivgQa58dTcs=
golang.org/x/crypto v0.0.0-20181203042331-505ab145d0a9/go.mod h1:49fI8CSAl+CVTyNQsNT2zteYcgJP8AQxivgQa58dTcs=
golang.org/x/crypto v0.0.0-20190103213133-ff983b9c42bc h1:F5tKCVGp+MUAHhKp5MZtGqAlGX3+oCsiL1Q629FL90M=
golang.org/x/crypto v0.0.0-20190103213133-ff983b9c42bc/go.mod h1:49fI8CSAl+CVTyNQsNT2zteYcgJP8AQxivgQa58dTcs=
golang.org/x/exp v0.0.0-20190104205336-ae74f88a12a8/go.mod h1:WXvZqxxl16UW7XR5YdQv+JmxuJagsjiL9ZhRcB2/KXI=
golang.org/x/image v0.0.0-20181116024801-cd38e8056d9b/go.mod h1:hKPoDvjcawSIx41zFYs3BJ1qyxkc7SBUy+AHgZTDXWQ=
golang.org/x/lint v0.0.0-20180702182130-06c8688daad7/go.mod h1:Jpk8TFZRr4mwwqUx6tO0R9PkFkXomKu3EnmlHJIOo3U=
golang.org/x/lint v0.0.0-20181026193005-c67002cb31c3/go.mod h1:Jpk8TFZRr4mwwqUx6tO0R9PkFkXomKu3EnmlHJIOo3U=
golang.org/x/lint v0.0.0-20181217174547-8f45f776aaf1/go.mod h1:Jpk8TFZRr4mwwqUx6tO0R9PkFkXomKu3EnmlHJIOo3U=
golang.org/x/mobile v0.0.0-20190107162257-dc0771356504/go.mod h1:4gsda3M6Dg/TaZRcfyK1oLCx7uxdyjOLdFzLZEkCsy8=
golang.org/x/net v0.0.0-20180530234432-1e491301e022/go.mod h1:Dq+O7WhN3KqetLGWqwVj69W36fktIeafR4ua7dtQS1g=
golang.org/x/net v0.0.0-20180724234803-3673e40ba225/go.mod h1:Dq+O7WhN3KqetLGWqwVj69W36fktIeafR4ua7dtQS1g=
golang.org/x/net v0.0.0-20180826012351-8a410e7b638d/go.mod h1:Dq+O7WhN3KqetLGWqwVj69W36fktIeafR4ua7dtQS1g=
golang.org/x/net v0.0.0-20180906233101-161cd47e91fd/go.mod h1:Dq+O7WhN3KqetLGWqwVj69W36fktIeafR4ua7dtQS1g=
golang.org/x/net v0.0.0-20180926154720-4dfa2610cdf3/go.mod h1:mL1N/T3taQHkDXs73rZJwtUhF3w3ftmwwsq0BUmARs4=
golang.org/x/net v0.0.0-20181029044818-c44066c5c816/go.mod h1:Dq+O7WhN3KqetLGWqwVj69W36fktIeafR4ua7dtQS1g=
golang.org/x/net v0.0.0-20181106065722-10aee1819953/go.mod h1:Dq+O7WhN3KqetLGWqwVj69W36fktIeafR4ua7dtQS1g=
golang.org/x/net v0.0.0-20181114220301-adae6a3d119a/go.mod h1:Dq+O7WhN3KqetLGWqwVj69W36fktIeafR4ua7dtQS1g=
golang.org/x/net v0.0.0-20181201002055-351d144fa1fc/go.mod h1:Dq+O7WhN3KqetLGWqwVj69W36fktIeafR4ua7dtQS1g=
golang.org/x/net v0.0.0-20190108225652-1e06a53dbb7e/go.mod h1:Dq+O7WhN3KqetLGWqwVj69W36fktIeafR4ua7dtQS1g=
golang.org/x/net v0.0.0-20190110200230-915654e7eabc h1:Yx9JGxI1SBhVLFjpAkWMaO1TF+xyqtHLjZpvQboJGiM=
golang.org/x/net v0.0.0-20190110200230-915654e7eabc/go.mod h1:Dq+O7WhN3KqetLGWqwVj69W36fktIeafR4ua7dtQS1g=
golang.org/x/oauth2 v0.0.0-20180603041954-1e0a3fa8ba9a/go.mod h1:amN8wWQdEOM/tbAkZXfgdBGr4PJdeH3BH5g8fZgIrO4=
golang.org/x/oauth2 v0.0.0-20180821212333-d2e6202438be/go.mod h1:amN8wWQdEOM/tbAkZXfgdBGr4PJdeH3BH5g8fZgIrO4=
golang.org/x/oauth2 v0.0.0-20181017192945-9dcd33a902f4/go.mod h1:amN8wWQdEOM/tbAkZXfgdBGr4PJdeH3BH5g8fZgIrO4=
golang.org/x/oauth2 v0.0.0-20181203162652-d668ce993890/go.mod h1:amN8wWQdEOM/tbAkZXfgdBGr4PJdeH3BH5g8fZgIrO4=
golang.org/x/oauth2 v0.0.0-20190111185915-36a7019397c4/go.mod h1:gOpvHmFTYa4IltrdGE7lF6nIHvwfUNPOp7c8zoXwtLw=
golang.org/x/perf v0.0.0-20180704124530-6e6d33e29852/go.mod h1:xvmy20M8E0hb+apkPX6NG0ejkXjxUGPifF5DQ4X3kTI=
golang.org/x/sync v0.0.0-20180314180146-1d60e4601c6f/go.mod h1:36mOlHZu7rEjqjmdH1aEy7joGxEJWg//9II4XLo/vbA=
golang.org/x/sync v0.0.0-20181108010431-42b317875d0f/go.mod h1:vm8qnaFNcNCKUaP6Y0A+R3yykhTa+YjQb50pvX7NCDw=
golang.org/x/sync v0.0.0-20181221193216-37e7f081c4d4/go.mod h1:vm8qnaFNcNCKUaP6Y0A+R3yykhTa+YjQb50pvX7NCDw=
golang.org/x/sys v0.0.0-20180830151530-49385e6e1522/go.mod h1:6GTceq644SkPo1D+fr31doKJNQEzHSZXBeG3DFh506o=
golang.org/x/sys v0.0.0-20180903190138-2b024373dcd9/go.mod h1:STP8DvDyc/dI5b8T5hshtkjS+E42TnysNCUPdjciGhY=
golang.org/x/sys v0.0.0-20180905080454-ebe1bf3edb33/go.mod h1:6GTceq644SkPo1D+fr31doKJNQEzHSZXBeG3DFh506o=
golang.org/x/sys v0.0.0-20180906133057-8cf3aee42992/go.mod h1:STP8DvDyc/dI5b8T5hshtkjS+E42TnysNCUPdjciGhY=
golang.org/x/sys v0.0.0-20180909124046-d0be0721c37e/go.mod h1:6GTceq644SkPo1D+fr31doKJNQEzHSZXBeG3DFh506o=
golang.org/x/sys v0.0.0-20181029174526-d69651ed3497/go.mod h1:6GTceq644SkPo1D+fr31doKJNQEzHSZXBeG3DFh506o=
golang.org/x/sys v0.0.0-20181116152217-5ac8a444bdc5/go.mod h1:6GTceq644SkPo1D+fr31doKJNQEzHSZXBeG3DFh506o=
golang.org/x/sys v0.0.0-20181205085412-a5c9d58dba9a/go.mod h1:6GTceq644SkPo1D+fr31doKJNQEzHSZXBeG3DFh506o=
golang.org/x/sys v0.0.0-20190109145017-48ac38b7c8cb/go.mod h1:6GTceq644SkPo1D+fr31doKJNQEzHSZXBeG3DFh506o=
golang.org/x/sys v0.0.0-20190114130336-2be517255631 h1:g/5trXm6f9Tm+ochb21RlFNnF63lt+elB9hVBqtPu5Y=
golang.org/x/sys v0.0.0-20190114130336-2be517255631/go.mod h1:6GTceq644SkPo1D+fr31doKJNQEzHSZXBeG3DFh506o=
golang.org/x/text v0.3.0/go.mod h1:kPUud2wzXzAWQY/tqNKs2oG4Qv/YQ7S9WdGiCTuwDTA=
golang.org/x/text v0.3.1-0.20180807135948-17ff2d5776d2 h1:z99zHgr7hKfrUcX/KsoJk5FJfjTceCKIp96+biqP4To=
golang.org/x/text v0.3.1-0.20180807135948-17ff2d5776d2/go.mod h1:kPUud2wzXzAWQY/tqNKs2oG4Qv/YQ7S9WdGiCTuwDTA=
golang.org/x/time v0.0.0-20180412165947-fbb02b2291d2/go.mod h1:ZD0d0/nS+lckp1v+hphv/MPyjIrjGpCj8W+rfzXsgK8=
golang.org/x/time v0.0.0-20181108054448-85acf8d2951c/go.mod h1:/rcOy/sNYcMr67IlkKKbmmZFHU7SIaIq8SVl3Rn8yVM=
golang.org/x/tools v0.0.0-20180828015842-6cd1fcedba52/go.mod h1:Rcy/A6loeGz1nCtwqjvH0citM6pfR87F9bEjlkncRSM=
golang.org/x/tools v0.0.0-20181030000716-a0a13e073c7b/go.mod h1:go4gAyR6g9UkRmK1HH8KZkQJV6R/hBhAOyMqIjCudTM=
golang.org/x/tools v0.0.0-20190111214448-fc1d57b08d7b/go.mod h1:IgpaCoicJI55wg6WlMc99T0OPoqOKs6N1TP3cm34tHk=
google.golang.org/api v0.0.0-20180603000442-8e296ef26005/go.mod h1:TRMircyY8qjU1YRenK5oyDdi1gmytXBfAr0qFgs5OGY=
google.golang.org/api v0.0.0-20180910000450-7ca32eb868bf/go.mod h1:neLvfbTykmm8s4vHN7CEUJ6fwa6Kj/Pzr+iDMWvKGG4=
google.golang.org/api v0.0.0-20181030000543-1d582fd0359e/go.mod h1:TRMircyY8qjU1YRenK5oyDdi1gmytXBfAr0qFgs5OGY=
google.golang.org/api v0.1.0/go.mod h1:UGEZY7KEX120AnNLIHFMKIo4obdJhkp2tPbaPlQx13Y=
google.golang.org/appengine v1.0.0/go.mod h1:JGcQCkvBJctCB3AK+sYJAHhPbsruFeggzsq3AeSe54Y=
google.golang.org/appengine v1.1.0/go.mod h1:ys17EfHQfiUazQsendtqXAs3Cqv5DYqxOqWPlO2a0pQ=
google.golang.org/appengine v1.2.0/go.mod h1:xpcJRLb0r/rnEns0DIKYYv+WjYCduHsrkT7/EB5XEv4=
google.golang.org/appengine v1.3.0/go.mod h1:xpcJRLb0r/rnEns0DIKYYv+WjYCduHsrkT7/EB5XEv4=
google.golang.org/appengine v1.4.0/go.mod h1:xpcJRLb0r/rnEns0DIKYYv+WjYCduHsrkT7/EB5XEv4=
google.golang.org/genproto v0.0.0-20180601223552-81158efcc9f2/go.mod h1:Qzw7lZVz+drjRM7VGL0riUGpX/gEZ3EmFA8Uv/LWH1Q=
google.golang.org/genproto v0.0.0-20180817151627-c66870c02cf8/go.mod h1:OcuVYEvDubNU6OgxsCERSeHdk+d8BISGtDZZbdUy7ao=
google.golang.org/genproto v0.0.0-20180831171423-11092d34479b/go.mod h1:Qzw7lZVz+drjRM7VGL0riUGpX/gEZ3EmFA8Uv/LWH1Q=
google.golang.org/genproto v0.0.0-20181029155118-b69ba1387ce2/go.mod h1:Qzw7lZVz+drjRM7VGL0riUGpX/gEZ3EmFA8Uv/LWH1Q=
google.golang.org/genproto v0.0.0-20181202183823-bd91e49a0898/go.mod h1:7Ep/1NZk928CDR8SjdVbjWNpdIf6nzjE3BTgJDr2Atg=
google.golang.org/genproto v0.0.0-20190111180523-db91494dd46c/go.mod h1:7Ep/1NZk928CDR8SjdVbjWNpdIf6nzjE3BTgJDr2Atg=
google.golang.org/grpc v1.12.0/go.mod h1:UzMu9/3OgVdxQ1giohcIHgBCjlCesNA1Ku/TSfyZdzI=
google.golang.org/grpc v1.14.0/go.mod h1:YdgJKmM42fBmw9iR4vZLw0OlRU2IW8TAdsMWy3HczrM=
google.golang.org/grpc v1.16.0/go.mod h1:0JHn/cJsOMiMfNA9+DeHDlAU7KAAB5GDlYFpa9MZMio=
google.golang.org/grpc v1.17.0/go.mod h1:6QZJwpn2B+Zp71q/5VxRsJ6NXXVCE5NRUHRo+f3cWCs=
gopkg.in/alecthomas/kingpin.v2 v2.2.6/go.mod h1:QNqM3gM6dtR3PqKner7D5lJQ74XPD6rqpVsoOAo0qZE=
gopkg.in/check.v1 v0.0.0-20161208181325-20d25e280405/go.mod h1:xOU9qQ7pGRDYzjN+wTLbctw9z6bWykW79zneE9PUz3s=
gopkg.in/check.v1 v1.0.0-20180628173108-788fd7840127 h1:qIbj1fsPNlZgppZ+VLlY7N33q108Sa+fhmuc+sWQYwY=
gopkg.in/check.v1 v1.0.0-20180628173108-788fd7840127/go.mod h1:2e9lv3rmssp8krpM+h4rFE/HNmeD9ok8czCfx170oZw=
gopkg.in/cheggaaa/pb.v1 v1.0.2/go.mod h1:6UBJyDKSwDz2wmOib7nbotd+555U/JTxYZSVCuiy2Y4=
gopkg.in/fsnotify.v1 v1.2.1/go.mod h1:zqi1fmkrcNswRIFbveUcFHUiU4z1SjdKmBN/ITXaQis=
gopkg.in/fsnotify.v1 v1.4.7/go.mod h1:MIkX2fsTsVwT5k/9S/IKCj/YjIbsjrBNqLOnxXHz84Q=
gopkg.in/gcfg.v1 v1.2.3/go.mod h1:V2uLAhZEsLPLECm1WWa2rW1NA6CTJbv16RC9e2eD3+k=
gopkg.in/go-playground/assert.v1 v1.2.1/go.mod h1:aBhId0HtEPKxHujvBABsTJd7MDhfERaNtHakvWyeQmQ=
gopkg.in/go-playground/validator.v8 v8.18.2/go.mod h1:jd59umOuSFCk6ZAPAjfpK7O2zfi5o3xvshYM/Ef1ppM=
gopkg.in/inconshreveable/log15.v2 v2.0.0-20180818164646-67afb5ed74ec/go.mod h1:mQ57aBBLDsR7j39u/uRgnRRcPFKkBUFCtF1ay7MaS0Q=
gopkg.in/inf.v0 v0.9.1/go.mod h1:puv3OwAnIShRfyv0rAakLt4Thf7wQg1b4vpLVngMOmI=
gopkg.in/pipe.v2 v2.0.0-20140414041502-3c2ca4d52544/go.mod h1:LOH+XcJVZrVlw9x25h2FDxWyGT4Pj0N5QBbdGIIrcN4=
gopkg.in/src-d/go-billy.v4 v4.3.0 h1:KtlZ4c1OWbIs4jCv5ZXrTqG8EQocr0g/d4DjNg70aek=
gopkg.in/src-d/go-billy.v4 v4.3.0/go.mod h1:tm33zBoOwxjYHZIE+OV8bxTWFMJLrconzFMd38aARFk=
gopkg.in/src-d/go-git-fixtures.v3 v3.1.1 h1:XWW/s5W18RaJpmo1l0IYGqXKuJITWRFuA45iOf1dKJs=
gopkg.in/src-d/go-git-fixtures.v3 v3.1.1/go.mod h1:dLBcvytrw/TYZsNTWCnkNF2DSIlzWYqTe3rJR56Ac7g=
gopkg.in/src-d/go-git.v4 v4.7.0 h1:WXB+2gCoRhQiAr//IMHpIpoDsTrDgvjDORxt57e8XTA=
gopkg.in/src-d/go-git.v4 v4.7.0/go.mod h1:CzbUWqMn4pvmvndg3gnh5iZFmSsbhyhUWdI0IQ60AQo=
gopkg.in/tomb.v1 v1.0.0-20140529071818-c131134a1947/go.mod h1:3DUADU75/+d6mIf5xk0sWMfNyOE7k5A+voynRKl3HLw=
gopkg.in/tomb.v1 v1.0.0-20141024135613-dd632973f1e7/go.mod h1:3DUADU75/+d6mIf5xk0sWMfNyOE7k5A+voynRKl3HLw=
gopkg.in/warnings.v0 v0.1.2 h1:wFXVbFY8DY5/xOe1ECiWdKCzZlxgshcYVNkBHstARME=
gopkg.in/warnings.v0 v0.1.2/go.mod h1:on2ETEj+qbJVlHfRILFRGtu3nrFc4ajMAqiilvsz3gs=
gopkg.in/yaml.v1 v1.0.0-20140924161607-9f9df34309c0/go.mod h1:G/xCjsIW33xQj0vGrW8Hoo4VRZzJ5LaksI8akGdvSjw=
gopkg.in/yaml.v2 v2.2.1/go.mod h1:hI93XBmqTisBFMUTm0b8Fm+jr3Dg1NNxqwp+5A1VGuI=
gopkg.in/yaml.v2 v2.2.2/go.mod h1:hI93XBmqTisBFMUTm0b8Fm+jr3Dg1NNxqwp+5A1VGuI=
grpc.go4.org v0.0.0-20170609214715-11d0a25b4919/go.mod h1:FiDY8MGMGYyh6zhU8FWP58WiKxMo/2fEoAJi7qmp2pI=
honnef.co/go/js/dom v0.0.0-20181202134054-9dbdcd412bde/go.mod h1:1hpw7vNsBHHp2yf6DTtVgs2HiZ1G7kYi4zgfsPkvOmY=
honnef.co/go/tools v0.0.0-20180728063816-88497007e858/go.mod h1:inDuT3tsqWNY9Dgenken293towBuvQhUD478hXSj6vc=
honnef.co/go/tools v0.0.0-20190109154334-5bcec433c8ea/go.mod h1:z6A3s35KYYhvN6NYQkRg8pb+y+fhkoskSCHiYkwaxQ4=
sourcegraph.com/sourcegraph/appdash v0.0.0-20190107175209-d9ea5c54f7dc/go.mod h1:5Shom0RxenI3sGygh3FUGYTVlGImU0/5BeiJ2X/RfK8=
sourcegraph.com/sourcegraph/appdash-data v0.0.0-20151005221446-73f23eafcf67/go.mod h1:K3sJYTtR9beyxuvrWBS+QKBXt6Nwrc9fwJdJQGR3QwQ=
sourcegraph.com/sourcegraph/go-diff v0.5.0/go.mod h1:kuch7UrkMzY0X+p9CRK03kfuPQ2zzQcaEFbx8wA8rck=
sourcegraph.com/sourcegraph/go-git v0.0.0-20160217042419-5768d0da5d80/go.mod h1:yRTF4CQVTVfn782AoWn9zgb+8RCuj9PzvKR8yWoeIII=
sourcegraph.com/sourcegraph/go-vcs v0.0.0-20180926091141-cf981d8bcb66/go.mod h1:quxwqoFTXp+qSCqcAT2CeOs7SyyMPL06WZMvGyL/xH4=
sourcegraph.com/sqs/pbtypes v0.0.0-20180604144634-d3ebe8f20ae4/go.mod h1:SMQwVIvNZjrYRD0PnYEM5Z/V+GKCGX7qLq+R7tB6Tbc=
sourcegraph.com/sqs/pbtypes v1.0.0/go.mod h1:3AciMUv4qUuRHRHhOG4TZOB+72GdPVz5k+c648qsFS4=
